
Microsoft Visual Studio Solution File, Format Version 12.00
# Visual Studio Version 17
VisualStudioVersion = 17.14.36221.1 d17.14
MinimumVisualStudioVersion = 10.0.40219.1
Project("{FAE04EC0-301F-11D3-BF4B-00C04F79EFBC}") = "launcher", "launcher\launcher.csproj", "{C7478283-E9F1-45E2-B8DD-13C900D4FEA9}"
EndProject
Global
	GlobalSection(SolutionConfigurationPlatforms) = preSolution
		Debug|Any CPU = Debug|Any CPU
		Release|Any CPU = Release|Any CPU
	EndGlobalSection
	GlobalSection(ProjectConfigurationPlatforms) = postSolution
		{C7478283-E9F1-45E2-B8DD-13C900D4FEA9}.Debug|Any CPU.ActiveCfg = Debug|Any CPU
		{C7478283-E9F1-45E2-B8DD-13C900D4FEA9}.Debug|Any CPU.Build.0 = Debug|Any CPU
		{C7478283-E9F1-45E2-B8DD-13C900D4FEA9}.Release|Any CPU.ActiveCfg = Release|Any CPU
		{C7478283-E9F1-45E2-B8DD-13C900D4FEA9}.Release|Any CPU.Build.0 = Release|Any CPU
	EndGlobalSection
	GlobalSection(SolutionProperties) = preSolution
		HideSolutionNode = FALSE
	EndGlobalSection
	GlobalSection(ExtensibilityGlobals) = postSolution
		SolutionGuid = {6390D88A-33FE-4666-B4EE-35844696B595}
	EndGlobalSection
EndGlobal
